
Microsoft Visual Studio Solution File, Format Version 12.00
# Visual Studio Version 17
VisualStudioVersion = 17.3.32929.385
MinimumVisualStudioVersion = 10.0.40219.1
Project("{9A19103F-16F7-4668-BE54-9A1E7A4F7556}") = "BlazorApp1.Server", "BlazorApp1\Server\BlazorApp1.Server.csproj", "{62D24B86-BD1E-46D2-9833-ACA8366BF429}"
EndProject
Project("{9A19103F-16F7-4668-BE54-9A1E7A4F7556}") = "BlazorApp1.Client", "BlazorApp1\Client\BlazorApp1.Client.csproj", "{FE668CF0-26B6-4760-86B7-48F9A469376D}"
EndProject
Project("{9A19103F-16F7-4668-BE54-9A1E7A4F7556}") = "BlazorApp1.Shared", "BlazorApp1\Shared\BlazorApp1.Shared.csproj", "{875ED0DE-E055-4F6D-BEB6-F4A7244018C5}"
EndProject
Global
	GlobalSection(SolutionConfigurationPlatforms) = preSolution
		Debug|Any CPU = Debug|Any CPU
		Release|Any CPU = Release|Any CPU
	EndGlobalSection
	GlobalSection(ProjectConfigurationPlatforms) = postSolution
		{62D24B86-BD1E-46D2-9833-ACA8366BF429}.Debug|Any CPU.ActiveCfg = Debug|Any CPU
		{62D24B86-BD1E-46D2-9833-ACA8366BF429}.Debug|Any CPU.Build.0 = Debug|Any CPU
		{62D24B86-BD1E-46D2-9833-ACA8366BF429}.Release|Any CPU.ActiveCfg = Release|Any CPU
		{62D24B86-BD1E-46D2-9833-ACA8366BF429}.Release|Any CPU.Build.0 = Release|Any CPU
		{FE668CF0-26B6-4760-86B7-48F9A469376D}.Debug|Any CPU.ActiveCfg = Debug|Any CPU
		{FE668CF0-26B6-4760-86B7-48F9A469376D}.Debug|Any CPU.Build.0 = Debug|Any CPU
		{FE668CF0-26B6-4760-86B7-48F9A469376D}.Release|Any CPU.ActiveCfg = Release|Any CPU
		{FE668CF0-26B6-4760-86B7-48F9A469376D}.Release|Any CPU.Build.0 = Release|Any CPU
		{875ED0DE-E055-4F6D-BEB6-F4A7244018C5}.Debug|Any CPU.ActiveCfg = Debug|Any CPU
		{875ED0DE-E055-4F6D-BEB6-F4A7244018C5}.Debug|Any CPU.Build.0 = Debug|Any CPU
		{875ED0DE-E055-4F6D-BEB6-F4A7244018C5}.Release|Any CPU.ActiveCfg = Release|Any CPU
		{875ED0DE-E055-4F6D-BEB6-F4A7244018C5}.Release|Any CPU.Build.0 = Release|Any CPU
	EndGlobalSection
	GlobalSection(SolutionProperties) = preSolution
		HideSolutionNode = FALSE
	EndGlobalSection
	GlobalSection(ExtensibilityGlobals) = postSolution
		SolutionGuid = {EF171640-F1DE-4796-A348-06902C6854B2}
	EndGlobalSection
EndGlobal
